
Microsoft Visual Studio Solution File, Format Version 12.00
# Visual Studio Version 17
VisualStudioVersion = 17.2.32616.157
MinimumVisualStudioVersion = 10.0.40219.1
Project("{FAE04EC0-301F-11D3-BF4B-00C04F79EFBC}") = "WebApplication", "WebApplication\WebApplication.csproj", "{97B9A31C-2812-4F2F-82E4-4C24D1AAC30D}"
EndProject
Global
	GlobalSection(SolutionConfigurationPlatforms) = preSolution
		Debug|Any CPU = Debug|Any CPU
		Release|Any CPU = Release|Any CPU
	EndGlobalSection
	GlobalSection(ProjectConfigurationPlatforms) = postSolution
		{97B9A31C-2812-4F2F-82E4-4C24D1AAC30D}.Debug|Any CPU.ActiveCfg = Debug|Any CPU
		{97B9A31C-2812-4F2F-82E4-4C24D1AAC30D}.Debug|Any CPU.Build.0 = Debug|Any CPU
		{97B9A31C-2812-4F2F-82E4-4C24D1AAC30D}.Release|Any CPU.ActiveCfg = Release|Any CPU
		{97B9A31C-2812-4F2F-82E4-4C24D1AAC30D}.Release|Any CPU.Build.0 = Release|Any CPU
	EndGlobalSection
	GlobalSection(SolutionProperties) = preSolution
		HideSolutionNode = FALSE
	EndGlobalSection
	GlobalSection(ExtensibilityGlobals) = postSolution
		SolutionGuid = {BFEB3A93-8EE0-4069-BAE5-808BE4F79E9F}
	EndGlobalSection
EndGlobal
